PODS:
  - Alamofire (5.0.0.beta.1)
  - Kingfisher (5.13.2):
    - Kingfisher/Core (= 5.13.2)
  - Kingfisher/Core (5.13.2)
  - NVActivityIndicatorView (4.8.0):
    - NVActivityIndicatorView/Presenter (= 4.8.0)
  - NVActivityIndicatorView/Presenter (4.8.0)
  - ReachabilitySwift (5.0.0)
  - SnapKit (5.0.1)
  - SwiftyJSON (5.0.0)

DEPENDENCIES:
  - Alamofire (from `https://github.com/Alamofire/Alamofire.git`, tag `5.0.0.beta.1`)
  - Kingfisher (~> 5.0)
  - NVActivityIndicatorView
  - ReachabilitySwift
  - SnapKit (~> 5.0.0)
  - SwiftyJSON

SPEC REPOS:
  https://github.com/cocoapods/specs.git:
    - Kingfisher
    - NVActivityIndicatorView
    - ReachabilitySwift
    - SnapKit
    - SwiftyJSON

EXTERNAL SOURCES:
  Alamofire:
    :git: https://github.com/Alamofire/Alamofire.git
    :tag: 5.0.0.beta.1

CHECKOUT OPTIONS:
  Alamofire:
    :git: https://github.com/Alamofire/Alamofire.git
    :tag: 5.0.0.beta.1

SPEC CHECKSUMS:
  Alamofire: 2ef6d6c984c5d21c366e9b41a9ae7dfee2b67a44
  Kingfisher: d342c8354c10c3d85a27d6d4c42c41285924b898
  NVActivityIndicatorView: d24b7ebcf80af5dcd994adb650e2b6c93379270f
  ReachabilitySwift: 985039c6f7b23a1da463388634119492ff86c825
  SnapKit: 97b92857e3df3a0c71833cce143274bf6ef8e5eb
  SwiftyJSON: 36413e04c44ee145039d332b4f4e2d3e8d6c4db7

PODFILE CHECKSUM: 6b36174e77fa4cd295a1eada66327de71116449d

COCOAPODS: 1.5.2
